
<<<<<<< HEAD
Microsoft Visual Studio Solution File, Format Version 12.00
# Visual Studio 15
=======
Microsoft Visual Studio Solution File, Format Version 11.00
# Visual Studio 2010
Project("{FAE04EC0-301F-11D3-BF4B-00C04F79EFBC}") = "Unity.2D.PixelPerfect.Tests", "Unity.2D.PixelPerfect.Tests.csproj", "{B9749F05-1CC4-609F-B6E4-4462A2A0C69D}"
EndProject
Project("{FAE04EC0-301F-11D3-BF4B-00C04F79EFBC}") = "UnityEngine.TestRunner", "UnityEngine.TestRunner.csproj", "{E01218E4-E9D7-C2F2-ADA1-95E0BE76D00D}"
EndProject
Project("{FAE04EC0-301F-11D3-BF4B-00C04F79EFBC}") = "Unity.Mathematics", "Unity.Mathematics.csproj", "{791FC5C0-4D3B-9988-44E4-1097B10FFA91}"
EndProject
Project("{FAE04EC0-301F-11D3-BF4B-00C04F79EFBC}") = "Unity.2D.Animation.Triangle.Runtime", "Unity.2D.Animation.Triangle.Runtime.csproj", "{0004026E-5442-9E9E-3B5B-BE3303674584}"
EndProject
Project("{FAE04EC0-301F-11D3-BF4B-00C04F79EFBC}") = "UnityEngine.UI.Tests", "UnityEngine.UI.Tests.csproj", "{69D9D136-C9ED-A1E7-FEA3-76A56CC1FED6}"
EndProject
Project("{FAE04EC0-301F-11D3-BF4B-00C04F79EFBC}") = "Unity.Timeline", "Unity.Timeline.csproj", "{6B4DE24D-D78B-E164-65D1-BE73C7881816}"
EndProject
Project("{FAE04EC0-301F-11D3-BF4B-00C04F79EFBC}") = "UnityEngine.UI", "UnityEngine.UI.csproj", "{1E12896D-66BE-CC2C-2C67-D9ACF6A7C850}"
EndProject
Project("{FAE04EC0-301F-11D3-BF4B-00C04F79EFBC}") = "Unity.TextMeshPro", "Unity.TextMeshPro.csproj", "{5FB525B2-F771-1049-F881-F624F6169F46}"
EndProject
Project("{FAE04EC0-301F-11D3-BF4B-00C04F79EFBC}") = "Unity.2D.Animation.Runtime", "Unity.2D.Animation.Runtime.csproj", "{79582C91-3C9F-AFA4-0FB5-208B17C2BD8F}"
EndProject
Project("{FAE04EC0-301F-11D3-BF4B-00C04F79EFBC}") = "Unity.2D.IK.Runtime", "Unity.2D.IK.Runtime.csproj", "{2359941F-DD7C-7EB5-9691-B3B9F0A5559D}"
EndProject
Project("{FAE04EC0-301F-11D3-BF4B-00C04F79EFBC}") = "Unity.Notifications.Android", "Unity.Notifications.Android.csproj", "{4AFF36AC-E917-2153-8D46-01A8E5BA9BAA}"
EndProject
Project("{FAE04EC0-301F-11D3-BF4B-00C04F79EFBC}") = "Unity.2D.SpriteShape.Runtime", "Unity.2D.SpriteShape.Runtime.csproj", "{979C2917-77C2-6FA7-7829-EB32727453BE}"
EndProject
>>>>>>> parent of 3cf3cc18 (Monster Update)
Project("{FAE04EC0-301F-11D3-BF4B-00C04F79EFBC}") = "Assembly-CSharp", "Assembly-CSharp.csproj", "{0A2604A2-C0D0-8473-0D0E-33E04FE003AF}"
EndProject
Project("{FAE04EC0-301F-11D3-BF4B-00C04F79EFBC}") = "Unity.Notifications.iOS", "Unity.Notifications.iOS.csproj", "{5CF1D505-BCCD-1116-72D3-E20C0B3D076C}"
EndProject
Project("{FAE04EC0-301F-11D3-BF4B-00C04F79EFBC}") = "Unity.2D.PixelPerfect", "Unity.2D.PixelPerfect.csproj", "{CCFAC713-7853-8F1B-77A7-67AB9ECD1F52}"
EndProject
Project("{FAE04EC0-301F-11D3-BF4B-00C04F79EFBC}") = "Unity.2D.Common.Runtime", "Unity.2D.Common.Runtime.csproj", "{7EE0661F-5795-D826-80D3-C7C4B8CA2ED2}"
EndProject
Project("{FAE04EC0-301F-11D3-BF4B-00C04F79EFBC}") = "Unity.TextMeshPro.Tests", "Unity.TextMeshPro.Tests.csproj", "{F4FDB63D-38BD-5AA8-ED67-482C6D8F6F4E}"
EndProject
Project("{FAE04EC0-301F-11D3-BF4B-00C04F79EFBC}") = "Unity.InternalAPIEngineBridge.001", "Unity.InternalAPIEngineBridge.001.csproj", "{0C82FE8B-A462-BF51-03D1-F0D2505CFEBF}"
EndProject
Project("{FAE04EC0-301F-11D3-BF4B-00C04F79EFBC}") = "Unity.Mobile.AndroidLogcat.RuntimeTests", "Unity.Mobile.AndroidLogcat.RuntimeTests.csproj", "{937E6D9B-F5E5-06E1-D861-F1DA4682B839}"
EndProject
Project("{FAE04EC0-301F-11D3-BF4B-00C04F79EFBC}") = "UnityEditor.TestRunner", "UnityEditor.TestRunner.csproj", "{E804FC27-05FB-697A-096C-D49FB5FA24E5}"
EndProject
Project("{FAE04EC0-301F-11D3-BF4B-00C04F79EFBC}") = "Unity.PlasticSCM.Editor", "Unity.PlasticSCM.Editor.csproj", "{3A4FA697-CE83-04F0-2B58-1EC49C692FDF}"
EndProject
Project("{FAE04EC0-301F-11D3-BF4B-00C04F79EFBC}") = "UnityEditor.UI", "UnityEditor.UI.csproj", "{F22FDBC8-4D2C-D2BC-AB5F-D8552E76566A}"
EndProject
Project("{FAE04EC0-301F-11D3-BF4B-00C04F79EFBC}") = "Unity.Timeline.Editor", "Unity.Timeline.Editor.csproj", "{855EB212-61E3-1841-60DA-DB4859E3C3EE}"
EndProject
Project("{FAE04EC0-301F-11D3-BF4B-00C04F79EFBC}") = "Unity.VisualStudio.Editor", "Unity.VisualStudio.Editor.csproj", "{5905BC73-BAF4-4EE5-DA3B-25D7D5513407}"
EndProject
Project("{FAE04EC0-301F-11D3-BF4B-00C04F79EFBC}") = "Unity.2D.Psdimporter.Editor", "Unity.2D.Psdimporter.Editor.csproj", "{FD5E571C-CCA2-79F7-081C-E7800E4FC635}"
EndProject
Project("{FAE04EC0-301F-11D3-BF4B-00C04F79EFBC}") = "Unity.2D.Animation.Editor", "Unity.2D.Animation.Editor.csproj", "{B89B50B7-A2F0-85E9-F475-4C1B7F03F1A1}"
EndProject
Project("{FAE04EC0-301F-11D3-BF4B-00C04F79EFBC}") = "Unity.TextMeshPro.Editor", "Unity.TextMeshPro.Editor.csproj", "{150AFB87-810C-17EE-8C3E-0C800CCCAA29}"
EndProject
Project("{FAE04EC0-301F-11D3-BF4B-00C04F79EFBC}") = "Unity.2D.SpriteShape.Editor", "Unity.2D.SpriteShape.Editor.csproj", "{C5618ADB-6AC0-D393-7E04-611B952F8CF9}"
EndProject
Project("{FAE04EC0-301F-11D3-BF4B-00C04F79EFBC}") = "Unity.CollabProxy.Editor", "Unity.CollabProxy.Editor.csproj", "{603D9473-D157-D01A-91B3-DD605C3197E4}"
EndProject
Project("{FAE04EC0-301F-11D3-BF4B-00C04F79EFBC}") = "PsdPlugin", "PsdPlugin.csproj", "{93B1F318-D9D0-EE9F-AAC5-E51888806605}"
EndProject
Project("{FAE04EC0-301F-11D3-BF4B-00C04F79EFBC}") = "DocCodeExamples", "DocCodeExamples.csproj", "{95661A2E-0479-07C8-197F-738BEE3507F6}"
EndProject
Project("{FAE04EC0-301F-11D3-BF4B-00C04F79EFBC}") = "Unity.2D.Path.Editor", "Unity.2D.Path.Editor.csproj", "{73396F69-61CD-5266-939C-27EC6FF4AD09}"
EndProject
Project("{FAE04EC0-301F-11D3-BF4B-00C04F79EFBC}") = "Unity.Mathematics.Tests", "Unity.Mathematics.Tests.csproj", "{87AAAC87-F56F-AF97-644F-8CF7862F4672}"
EndProject
Project("{FAE04EC0-301F-11D3-BF4B-00C04F79EFBC}") = "Unity.Mobile.AndroidLogcat.Editor", "Unity.Mobile.AndroidLogcat.Editor.csproj", "{B6AE655B-8EA2-7ECD-6DE8-5B120CB8760C}"
EndProject
Project("{FAE04EC0-301F-11D3-BF4B-00C04F79EFBC}") = "Unity.PlasticSCM.EditorTests", "Unity.PlasticSCM.EditorTests.csproj", "{9B9564F7-8A6E-A238-B321-37BCD158C7DB}"
EndProject
Project("{FAE04EC0-301F-11D3-BF4B-00C04F79EFBC}") = "Unity.Rider.Editor", "Unity.Rider.Editor.csproj", "{A4FDA257-5ACC-FCB4-1D8D-92B05891913F}"
EndProject
Project("{FAE04EC0-301F-11D3-BF4B-00C04F79EFBC}") = "UnityEditor.UI.EditorTests", "UnityEditor.UI.EditorTests.csproj", "{1E3A0291-099C-D338-E46A-C33D85308E23}"
EndProject
Project("{FAE04EC0-301F-11D3-BF4B-00C04F79EFBC}") = "Unity.CollabProxy.EditorTests", "Unity.CollabProxy.EditorTests.csproj", "{E160A21F-B629-61F6-88D6-E0CA8C42DF25}"
EndProject
Project("{FAE04EC0-301F-11D3-BF4B-00C04F79EFBC}") = "Unity.2D.IK.Editor", "Unity.2D.IK.Editor.csproj", "{DDFF9EA7-3884-B516-AB27-9C7CDD66E6EA}"
EndProject
Project("{FAE04EC0-301F-11D3-BF4B-00C04F79EFBC}") = "Unity.Mobile.AndroidLogcat.EditorPerformanceTests", "Unity.Mobile.AndroidLogcat.EditorPerformanceTests.csproj", "{A66E8C25-A9DB-F9C6-5FD3-B6CD119F6A51}"
EndProject
Project("{FAE04EC0-301F-11D3-BF4B-00C04F79EFBC}") = "Unity.2D.SpriteShape.EditorTests", "Unity.2D.SpriteShape.EditorTests.csproj", "{B8E1A3C0-986D-A48F-1D68-51FCBA4F82C9}"
EndProject
Project("{FAE04EC0-301F-11D3-BF4B-00C04F79EFBC}") = "Unity.2D.Sprite.Editor", "Unity.2D.Sprite.Editor.csproj", "{6D5910C7-3A7F-9A99-057D-610E2DEC9262}"
EndProject
Project("{FAE04EC0-301F-11D3-BF4B-00C04F79EFBC}") = "Unity.2D.Tilemap.Editor", "Unity.2D.Tilemap.Editor.csproj", "{CFFF79C0-8A47-2065-BFAD-792F31F95D0D}"
EndProject
Project("{FAE04EC0-301F-11D3-BF4B-00C04F79EFBC}") = "Unity.2D.PixelPerfect.Editor", "Unity.2D.PixelPerfect.Editor.csproj", "{D8C07CEC-5750-F02B-AD28-58C0C85C6FB4}"
EndProject
Project("{FAE04EC0-301F-11D3-BF4B-00C04F79EFBC}") = "Unity.VSCode.Editor", "Unity.VSCode.Editor.csproj", "{C047D2C6-A391-40D8-58BC-94B133B81350}"
EndProject
Project("{FAE04EC0-301F-11D3-BF4B-00C04F79EFBC}") = "Unity.Notifications", "Unity.Notifications.csproj", "{9EE20830-21B6-6A42-663F-AF576627E41E}"
EndProject
Project("{FAE04EC0-301F-11D3-BF4B-00C04F79EFBC}") = "Unity.Mobile.AndroidLogcat.EditorTests", "Unity.Mobile.AndroidLogcat.EditorTests.csproj", "{4C4B2A2E-CD56-90E3-4C02-4C1C65F43E2C}"
EndProject
Project("{FAE04EC0-301F-11D3-BF4B-00C04F79EFBC}") = "Unity.2D.Common.Editor", "Unity.2D.Common.Editor.csproj", "{82F6F387-699A-3468-ABD4-89682C004332}"
EndProject
Project("{FAE04EC0-301F-11D3-BF4B-00C04F79EFBC}") = "Unity.Mathematics.Editor", "Unity.Mathematics.Editor.csproj", "{2916FF17-817C-2E00-4579-4D33526BA78D}"
EndProject
Project("{FAE04EC0-301F-11D3-BF4B-00C04F79EFBC}") = "Unity.2D.PixelPerfect.Editor.Tests", "Unity.2D.PixelPerfect.Editor.Tests.csproj", "{1FE0DB5B-34F5-C34B-5034-60470A1E1D08}"
EndProject
Project("{FAE04EC0-301F-11D3-BF4B-00C04F79EFBC}") = "Unity.2D.Common.EditorTests", "Unity.2D.Common.EditorTests.csproj", "{992C2FCB-B2D5-A5CA-5A5A-127C04E62C3E}"
EndProject
Project("{FAE04EC0-301F-11D3-BF4B-00C04F79EFBC}") = "Unity.2D.Path.Tests", "Unity.2D.Path.Tests.csproj", "{9CFC9300-8F21-D0D5-C886-69CF6465704D}"
EndProject
Project("{FAE04EC0-301F-11D3-BF4B-00C04F79EFBC}") = "Unity.InternalAPIEditorBridge.001", "Unity.InternalAPIEditorBridge.001.csproj", "{1B2042A7-9DFD-18F6-CBAF-FE73E3B08B99}"
EndProject
Project("{FAE04EC0-301F-11D3-BF4B-00C04F79EFBC}") = "Unity.2D.Tilemap.Package.EditorTests", "Unity.2D.Tilemap.Package.EditorTests.csproj", "{7E2FC8FB-E512-03D1-6D78-43BAB320A20C}"
EndProject
Project("{FAE04EC0-301F-11D3-BF4B-00C04F79EFBC}") = "Unity.2D.Psdimporter.EditorTests", "Unity.2D.Psdimporter.EditorTests.csproj", "{F3692109-84E7-6AF7-E05F-49403332A7F1}"
EndProject
Project("{FAE04EC0-301F-11D3-BF4B-00C04F79EFBC}") = "Unity.Notifications.Tests", "Unity.Notifications.Tests.csproj", "{BAE387F5-2C0D-0C43-BB72-69EC288657BA}"
EndProject
Project("{FAE04EC0-301F-11D3-BF4B-00C04F79EFBC}") = "Unity.2D.Sprite.Package.EditorTests", "Unity.2D.Sprite.Package.EditorTests.csproj", "{028DC488-38C5-614D-9BC5-34E93B62FC42}"
EndProject
Project("{FAE04EC0-301F-11D3-BF4B-00C04F79EFBC}") = "Unity.TextMeshPro.Editor.Tests", "Unity.TextMeshPro.Editor.Tests.csproj", "{D4BD5C5E-1388-75A3-84CE-EF036579DD72}"
EndProject
Project("{FAE04EC0-301F-11D3-BF4B-00C04F79EFBC}") = "Unity.2D.Animation.EditorTests", "Unity.2D.Animation.EditorTests.csproj", "{48D08475-8FAA-7070-24B5-5512C778086D}"
EndProject
Global
	GlobalSection(SolutionConfigurationPlatforms) = preSolution
		Debug|Any CPU = Debug|Any CPU
		Release|Any CPU = Release|Any CPU
	EndGlobalSection
	GlobalSection(ProjectConfigurationPlatforms) = postSolution
		{B9749F05-1CC4-609F-B6E4-4462A2A0C69D}.Debug|Any CPU.ActiveCfg = Debug|Any CPU
		{B9749F05-1CC4-609F-B6E4-4462A2A0C69D}.Debug|Any CPU.Build.0 = Debug|Any CPU
		{B9749F05-1CC4-609F-B6E4-4462A2A0C69D}.Release|Any CPU.ActiveCfg = Release|Any CPU
		{B9749F05-1CC4-609F-B6E4-4462A2A0C69D}.Release|Any CPU.Build.0 = Release|Any CPU
		{E01218E4-E9D7-C2F2-ADA1-95E0BE76D00D}.Debug|Any CPU.ActiveCfg = Debug|Any CPU
		{E01218E4-E9D7-C2F2-ADA1-95E0BE76D00D}.Debug|Any CPU.Build.0 = Debug|Any CPU
		{E01218E4-E9D7-C2F2-ADA1-95E0BE76D00D}.Release|Any CPU.ActiveCfg = Release|Any CPU
		{E01218E4-E9D7-C2F2-ADA1-95E0BE76D00D}.Release|Any CPU.Build.0 = Release|Any CPU
		{791FC5C0-4D3B-9988-44E4-1097B10FFA91}.Debug|Any CPU.ActiveCfg = Debug|Any CPU
		{791FC5C0-4D3B-9988-44E4-1097B10FFA91}.Debug|Any CPU.Build.0 = Debug|Any CPU
		{791FC5C0-4D3B-9988-44E4-1097B10FFA91}.Release|Any CPU.ActiveCfg = Release|Any CPU
		{791FC5C0-4D3B-9988-44E4-1097B10FFA91}.Release|Any CPU.Build.0 = Release|Any CPU
		{0004026E-5442-9E9E-3B5B-BE3303674584}.Debug|Any CPU.ActiveCfg = Debug|Any CPU
		{0004026E-5442-9E9E-3B5B-BE3303674584}.Debug|Any CPU.Build.0 = Debug|Any CPU
		{0004026E-5442-9E9E-3B5B-BE3303674584}.Release|Any CPU.ActiveCfg = Release|Any CPU
		{0004026E-5442-9E9E-3B5B-BE3303674584}.Release|Any CPU.Build.0 = Release|Any CPU
		{69D9D136-C9ED-A1E7-FEA3-76A56CC1FED6}.Debug|Any CPU.ActiveCfg = Debug|Any CPU
		{69D9D136-C9ED-A1E7-FEA3-76A56CC1FED6}.Debug|Any CPU.Build.0 = Debug|Any CPU
		{69D9D136-C9ED-A1E7-FEA3-76A56CC1FED6}.Release|Any CPU.ActiveCfg = Release|Any CPU
		{69D9D136-C9ED-A1E7-FEA3-76A56CC1FED6}.Release|Any CPU.Build.0 = Release|Any CPU
		{6B4DE24D-D78B-E164-65D1-BE73C7881816}.Debug|Any CPU.ActiveCfg = Debug|Any CPU
		{6B4DE24D-D78B-E164-65D1-BE73C7881816}.Debug|Any CPU.Build.0 = Debug|Any CPU
		{6B4DE24D-D78B-E164-65D1-BE73C7881816}.Release|Any CPU.ActiveCfg = Release|Any CPU
		{6B4DE24D-D78B-E164-65D1-BE73C7881816}.Release|Any CPU.Build.0 = Release|Any CPU
		{1E12896D-66BE-CC2C-2C67-D9ACF6A7C850}.Debug|Any CPU.ActiveCfg = Debug|Any CPU
		{1E12896D-66BE-CC2C-2C67-D9ACF6A7C850}.Debug|Any CPU.Build.0 = Debug|Any CPU
		{1E12896D-66BE-CC2C-2C67-D9ACF6A7C850}.Release|Any CPU.ActiveCfg = Release|Any CPU
		{1E12896D-66BE-CC2C-2C67-D9ACF6A7C850}.Release|Any CPU.Build.0 = Release|Any CPU
		{5FB525B2-F771-1049-F881-F624F6169F46}.Debug|Any CPU.ActiveCfg = Debug|Any CPU
		{5FB525B2-F771-1049-F881-F624F6169F46}.Debug|Any CPU.Build.0 = Debug|Any CPU
		{5FB525B2-F771-1049-F881-F624F6169F46}.Release|Any CPU.ActiveCfg = Release|Any CPU
		{5FB525B2-F771-1049-F881-F624F6169F46}.Release|Any CPU.Build.0 = Release|Any CPU
		{79582C91-3C9F-AFA4-0FB5-208B17C2BD8F}.Debug|Any CPU.ActiveCfg = Debug|Any CPU
		{79582C91-3C9F-AFA4-0FB5-208B17C2BD8F}.Debug|Any CPU.Build.0 = Debug|Any CPU
		{79582C91-3C9F-AFA4-0FB5-208B17C2BD8F}.Release|Any CPU.ActiveCfg = Release|Any CPU
		{79582C91-3C9F-AFA4-0FB5-208B17C2BD8F}.Release|Any CPU.Build.0 = Release|Any CPU
		{2359941F-DD7C-7EB5-9691-B3B9F0A5559D}.Debug|Any CPU.ActiveCfg = Debug|Any CPU
		{2359941F-DD7C-7EB5-9691-B3B9F0A5559D}.Debug|Any CPU.Build.0 = Debug|Any CPU
		{2359941F-DD7C-7EB5-9691-B3B9F0A5559D}.Release|Any CPU.ActiveCfg = Release|Any CPU
		{2359941F-DD7C-7EB5-9691-B3B9F0A5559D}.Release|Any CPU.Build.0 = Release|Any CPU
		{4AFF36AC-E917-2153-8D46-01A8E5BA9BAA}.Debug|Any CPU.ActiveCfg = Debug|Any CPU
		{4AFF36AC-E917-2153-8D46-01A8E5BA9BAA}.Debug|Any CPU.Build.0 = Debug|Any CPU
		{4AFF36AC-E917-2153-8D46-01A8E5BA9BAA}.Release|Any CPU.ActiveCfg = Release|Any CPU
		{4AFF36AC-E917-2153-8D46-01A8E5BA9BAA}.Release|Any CPU.Build.0 = Release|Any CPU
		{979C2917-77C2-6FA7-7829-EB32727453BE}.Debug|Any CPU.ActiveCfg = Debug|Any CPU
		{979C2917-77C2-6FA7-7829-EB32727453BE}.Debug|Any CPU.Build.0 = Debug|Any CPU
		{979C2917-77C2-6FA7-7829-EB32727453BE}.Release|Any CPU.ActiveCfg = Release|Any CPU
		{979C2917-77C2-6FA7-7829-EB32727453BE}.Release|Any CPU.Build.0 = Release|Any CPU
		{0A2604A2-C0D0-8473-0D0E-33E04FE003AF}.Debug|Any CPU.ActiveCfg = Debug|Any CPU
		{0A2604A2-C0D0-8473-0D0E-33E04FE003AF}.Debug|Any CPU.Build.0 = Debug|Any CPU
		{0A2604A2-C0D0-8473-0D0E-33E04FE003AF}.Release|Any CPU.ActiveCfg = Release|Any CPU
		{0A2604A2-C0D0-8473-0D0E-33E04FE003AF}.Release|Any CPU.Build.0 = Release|Any CPU
		{5CF1D505-BCCD-1116-72D3-E20C0B3D076C}.Debug|Any CPU.ActiveCfg = Debug|Any CPU
		{5CF1D505-BCCD-1116-72D3-E20C0B3D076C}.Debug|Any CPU.Build.0 = Debug|Any CPU
		{5CF1D505-BCCD-1116-72D3-E20C0B3D076C}.Release|Any CPU.ActiveCfg = Release|Any CPU
		{5CF1D505-BCCD-1116-72D3-E20C0B3D076C}.Release|Any CPU.Build.0 = Release|Any CPU
		{CCFAC713-7853-8F1B-77A7-67AB9ECD1F52}.Debug|Any CPU.ActiveCfg = Debug|Any CPU
		{CCFAC713-7853-8F1B-77A7-67AB9ECD1F52}.Debug|Any CPU.Build.0 = Debug|Any CPU
		{CCFAC713-7853-8F1B-77A7-67AB9ECD1F52}.Release|Any CPU.ActiveCfg = Release|Any CPU
		{CCFAC713-7853-8F1B-77A7-67AB9ECD1F52}.Release|Any CPU.Build.0 = Release|Any CPU
		{7EE0661F-5795-D826-80D3-C7C4B8CA2ED2}.Debug|Any CPU.ActiveCfg = Debug|Any CPU
		{7EE0661F-5795-D826-80D3-C7C4B8CA2ED2}.Debug|Any CPU.Build.0 = Debug|Any CPU
		{7EE0661F-5795-D826-80D3-C7C4B8CA2ED2}.Release|Any CPU.ActiveCfg = Release|Any CPU
		{7EE0661F-5795-D826-80D3-C7C4B8CA2ED2}.Release|Any CPU.Build.0 = Release|Any CPU
		{F4FDB63D-38BD-5AA8-ED67-482C6D8F6F4E}.Debug|Any CPU.ActiveCfg = Debug|Any CPU
		{F4FDB63D-38BD-5AA8-ED67-482C6D8F6F4E}.Debug|Any CPU.Build.0 = Debug|Any CPU
		{F4FDB63D-38BD-5AA8-ED67-482C6D8F6F4E}.Release|Any CPU.ActiveCfg = Release|Any CPU
		{F4FDB63D-38BD-5AA8-ED67-482C6D8F6F4E}.Release|Any CPU.Build.0 = Release|Any CPU
		{0C82FE8B-A462-BF51-03D1-F0D2505CFEBF}.Debug|Any CPU.ActiveCfg = Debug|Any CPU
		{0C82FE8B-A462-BF51-03D1-F0D2505CFEBF}.Debug|Any CPU.Build.0 = Debug|Any CPU
		{0C82FE8B-A462-BF51-03D1-F0D2505CFEBF}.Release|Any CPU.ActiveCfg = Release|Any CPU
		{0C82FE8B-A462-BF51-03D1-F0D2505CFEBF}.Release|Any CPU.Build.0 = Release|Any CPU
		{937E6D9B-F5E5-06E1-D861-F1DA4682B839}.Debug|Any CPU.ActiveCfg = Debug|Any CPU
		{937E6D9B-F5E5-06E1-D861-F1DA4682B839}.Debug|Any CPU.Build.0 = Debug|Any CPU
		{937E6D9B-F5E5-06E1-D861-F1DA4682B839}.Release|Any CPU.ActiveCfg = Release|Any CPU
		{937E6D9B-F5E5-06E1-D861-F1DA4682B839}.Release|Any CPU.Build.0 = Release|Any CPU
		{E804FC27-05FB-697A-096C-D49FB5FA24E5}.Debug|Any CPU.ActiveCfg = Debug|Any CPU
		{E804FC27-05FB-697A-096C-D49FB5FA24E5}.Debug|Any CPU.Build.0 = Debug|Any CPU
		{E804FC27-05FB-697A-096C-D49FB5FA24E5}.Release|Any CPU.ActiveCfg = Release|Any CPU
		{E804FC27-05FB-697A-096C-D49FB5FA24E5}.Release|Any CPU.Build.0 = Release|Any CPU
		{3A4FA697-CE83-04F0-2B58-1EC49C692FDF}.Debug|Any CPU.ActiveCfg = Debug|Any CPU
		{3A4FA697-CE83-04F0-2B58-1EC49C692FDF}.Debug|Any CPU.Build.0 = Debug|Any CPU
		{3A4FA697-CE83-04F0-2B58-1EC49C692FDF}.Release|Any CPU.ActiveCfg = Release|Any CPU
		{3A4FA697-CE83-04F0-2B58-1EC49C692FDF}.Release|Any CPU.Build.0 = Release|Any CPU
		{F22FDBC8-4D2C-D2BC-AB5F-D8552E76566A}.Debug|Any CPU.ActiveCfg = Debug|Any CPU
		{F22FDBC8-4D2C-D2BC-AB5F-D8552E76566A}.Debug|Any CPU.Build.0 = Debug|Any CPU
		{F22FDBC8-4D2C-D2BC-AB5F-D8552E76566A}.Release|Any CPU.ActiveCfg = Release|Any CPU
		{F22FDBC8-4D2C-D2BC-AB5F-D8552E76566A}.Release|Any CPU.Build.0 = Release|Any CPU
		{855EB212-61E3-1841-60DA-DB4859E3C3EE}.Debug|Any CPU.ActiveCfg = Debug|Any CPU
		{855EB212-61E3-1841-60DA-DB4859E3C3EE}.Debug|Any CPU.Build.0 = Debug|Any CPU
		{855EB212-61E3-1841-60DA-DB4859E3C3EE}.Release|Any CPU.ActiveCfg = Release|Any CPU
		{855EB212-61E3-1841-60DA-DB4859E3C3EE}.Release|Any CPU.Build.0 = Release|Any CPU
		{5905BC73-BAF4-4EE5-DA3B-25D7D5513407}.Debug|Any CPU.ActiveCfg = Debug|Any CPU
		{5905BC73-BAF4-4EE5-DA3B-25D7D5513407}.Debug|Any CPU.Build.0 = Debug|Any CPU
		{5905BC73-BAF4-4EE5-DA3B-25D7D5513407}.Release|Any CPU.ActiveCfg = Release|Any CPU
		{5905BC73-BAF4-4EE5-DA3B-25D7D5513407}.Release|Any CPU.Build.0 = Release|Any CPU
		{FD5E571C-CCA2-79F7-081C-E7800E4FC635}.Debug|Any CPU.ActiveCfg = Debug|Any CPU
		{FD5E571C-CCA2-79F7-081C-E7800E4FC635}.Debug|Any CPU.Build.0 = Debug|Any CPU
		{FD5E571C-CCA2-79F7-081C-E7800E4FC635}.Release|Any CPU.ActiveCfg = Release|Any CPU
		{FD5E571C-CCA2-79F7-081C-E7800E4FC635}.Release|Any CPU.Build.0 = Release|Any CPU
		{B89B50B7-A2F0-85E9-F475-4C1B7F03F1A1}.Debug|Any CPU.ActiveCfg = Debug|Any CPU
		{B89B50B7-A2F0-85E9-F475-4C1B7F03F1A1}.Debug|Any CPU.Build.0 = Debug|Any CPU
		{B89B50B7-A2F0-85E9-F475-4C1B7F03F1A1}.Release|Any CPU.ActiveCfg = Release|Any CPU
		{B89B50B7-A2F0-85E9-F475-4C1B7F03F1A1}.Release|Any CPU.Build.0 = Release|Any CPU
		{150AFB87-810C-17EE-8C3E-0C800CCCAA29}.Debug|Any CPU.ActiveCfg = Debug|Any CPU
		{150AFB87-810C-17EE-8C3E-0C800CCCAA29}.Debug|Any CPU.Build.0 = Debug|Any CPU
		{150AFB87-810C-17EE-8C3E-0C800CCCAA29}.Release|Any CPU.ActiveCfg = Release|Any CPU
		{150AFB87-810C-17EE-8C3E-0C800CCCAA29}.Release|Any CPU.Build.0 = Release|Any CPU
		{C5618ADB-6AC0-D393-7E04-611B952F8CF9}.Debug|Any CPU.ActiveCfg = Debug|Any CPU
		{C5618ADB-6AC0-D393-7E04-611B952F8CF9}.Debug|Any CPU.Build.0 = Debug|Any CPU
		{C5618ADB-6AC0-D393-7E04-611B952F8CF9}.Release|Any CPU.ActiveCfg = Release|Any CPU
		{C5618ADB-6AC0-D393-7E04-611B952F8CF9}.Release|Any CPU.Build.0 = Release|Any CPU
		{603D9473-D157-D01A-91B3-DD605C3197E4}.Debug|Any CPU.ActiveCfg = Debug|Any CPU
		{603D9473-D157-D01A-91B3-DD605C3197E4}.Debug|Any CPU.Build.0 = Debug|Any CPU
		{603D9473-D157-D01A-91B3-DD605C3197E4}.Release|Any CPU.ActiveCfg = Release|Any CPU
		{603D9473-D157-D01A-91B3-DD605C3197E4}.Release|Any CPU.Build.0 = Release|Any CPU
		{93B1F318-D9D0-EE9F-AAC5-E51888806605}.Debug|Any CPU.ActiveCfg = Debug|Any CPU
		{93B1F318-D9D0-EE9F-AAC5-E51888806605}.Debug|Any CPU.Build.0 = Debug|Any CPU
		{93B1F318-D9D0-EE9F-AAC5-E51888806605}.Release|Any CPU.ActiveCfg = Release|Any CPU
		{93B1F318-D9D0-EE9F-AAC5-E51888806605}.Release|Any CPU.Build.0 = Release|Any CPU
		{95661A2E-0479-07C8-197F-738BEE3507F6}.Debug|Any CPU.ActiveCfg = Debug|Any CPU
		{95661A2E-0479-07C8-197F-738BEE3507F6}.Debug|Any CPU.Build.0 = Debug|Any CPU
		{95661A2E-0479-07C8-197F-738BEE3507F6}.Release|Any CPU.ActiveCfg = Release|Any CPU
		{95661A2E-0479-07C8-197F-738BEE3507F6}.Release|Any CPU.Build.0 = Release|Any CPU
		{73396F69-61CD-5266-939C-27EC6FF4AD09}.Debug|Any CPU.ActiveCfg = Debug|Any CPU
		{73396F69-61CD-5266-939C-27EC6FF4AD09}.Debug|Any CPU.Build.0 = Debug|Any CPU
		{73396F69-61CD-5266-939C-27EC6FF4AD09}.Release|Any CPU.ActiveCfg = Release|Any CPU
		{73396F69-61CD-5266-939C-27EC6FF4AD09}.Release|Any CPU.Build.0 = Release|Any CPU
		{87AAAC87-F56F-AF97-644F-8CF7862F4672}.Debug|Any CPU.ActiveCfg = Debug|Any CPU
		{87AAAC87-F56F-AF97-644F-8CF7862F4672}.Debug|Any CPU.Build.0 = Debug|Any CPU
		{87AAAC87-F56F-AF97-644F-8CF7862F4672}.Release|Any CPU.ActiveCfg = Release|Any CPU
		{87AAAC87-F56F-AF97-644F-8CF7862F4672}.Release|Any CPU.Build.0 = Release|Any CPU
		{B6AE655B-8EA2-7ECD-6DE8-5B120CB8760C}.Debug|Any CPU.ActiveCfg = Debug|Any CPU
		{B6AE655B-8EA2-7ECD-6DE8-5B120CB8760C}.Debug|Any CPU.Build.0 = Debug|Any CPU
		{B6AE655B-8EA2-7ECD-6DE8-5B120CB8760C}.Release|Any CPU.ActiveCfg = Release|Any CPU
		{B6AE655B-8EA2-7ECD-6DE8-5B120CB8760C}.Release|Any CPU.Build.0 = Release|Any CPU
		{9B9564F7-8A6E-A238-B321-37BCD158C7DB}.Debug|Any CPU.ActiveCfg = Debug|Any CPU
		{9B9564F7-8A6E-A238-B321-37BCD158C7DB}.Debug|Any CPU.Build.0 = Debug|Any CPU
		{9B9564F7-8A6E-A238-B321-37BCD158C7DB}.Release|Any CPU.ActiveCfg = Release|Any CPU
		{9B9564F7-8A6E-A238-B321-37BCD158C7DB}.Release|Any CPU.Build.0 = Release|Any CPU
		{A4FDA257-5ACC-FCB4-1D8D-92B05891913F}.Debug|Any CPU.ActiveCfg = Debug|Any CPU
		{A4FDA257-5ACC-FCB4-1D8D-92B05891913F}.Debug|Any CPU.Build.0 = Debug|Any CPU
		{A4FDA257-5ACC-FCB4-1D8D-92B05891913F}.Release|Any CPU.ActiveCfg = Release|Any CPU
		{A4FDA257-5ACC-FCB4-1D8D-92B05891913F}.Release|Any CPU.Build.0 = Release|Any CPU
		{1E3A0291-099C-D338-E46A-C33D85308E23}.Debug|Any CPU.ActiveCfg = Debug|Any CPU
		{1E3A0291-099C-D338-E46A-C33D85308E23}.Debug|Any CPU.Build.0 = Debug|Any CPU
		{1E3A0291-099C-D338-E46A-C33D85308E23}.Release|Any CPU.ActiveCfg = Release|Any CPU
		{1E3A0291-099C-D338-E46A-C33D85308E23}.Release|Any CPU.Build.0 = Release|Any CPU
		{E160A21F-B629-61F6-88D6-E0CA8C42DF25}.Debug|Any CPU.ActiveCfg = Debug|Any CPU
		{E160A21F-B629-61F6-88D6-E0CA8C42DF25}.Debug|Any CPU.Build.0 = Debug|Any CPU
		{E160A21F-B629-61F6-88D6-E0CA8C42DF25}.Release|Any CPU.ActiveCfg = Release|Any CPU
		{E160A21F-B629-61F6-88D6-E0CA8C42DF25}.Release|Any CPU.Build.0 = Release|Any CPU
		{DDFF9EA7-3884-B516-AB27-9C7CDD66E6EA}.Debug|Any CPU.ActiveCfg = Debug|Any CPU
		{DDFF9EA7-3884-B516-AB27-9C7CDD66E6EA}.Debug|Any CPU.Build.0 = Debug|Any CPU
		{DDFF9EA7-3884-B516-AB27-9C7CDD66E6EA}.Release|Any CPU.ActiveCfg = Release|Any CPU
		{DDFF9EA7-3884-B516-AB27-9C7CDD66E6EA}.Release|Any CPU.Build.0 = Release|Any CPU
		{A66E8C25-A9DB-F9C6-5FD3-B6CD119F6A51}.Debug|Any CPU.ActiveCfg = Debug|Any CPU
		{A66E8C25-A9DB-F9C6-5FD3-B6CD119F6A51}.Debug|Any CPU.Build.0 = Debug|Any CPU
		{A66E8C25-A9DB-F9C6-5FD3-B6CD119F6A51}.Release|Any CPU.ActiveCfg = Release|Any CPU
		{A66E8C25-A9DB-F9C6-5FD3-B6CD119F6A51}.Release|Any CPU.Build.0 = Release|Any CPU
		{B8E1A3C0-986D-A48F-1D68-51FCBA4F82C9}.Debug|Any CPU.ActiveCfg = Debug|Any CPU
		{B8E1A3C0-986D-A48F-1D68-51FCBA4F82C9}.Debug|Any CPU.Build.0 = Debug|Any CPU
		{B8E1A3C0-986D-A48F-1D68-51FCBA4F82C9}.Release|Any CPU.ActiveCfg = Release|Any CPU
		{B8E1A3C0-986D-A48F-1D68-51FCBA4F82C9}.Release|Any CPU.Build.0 = Release|Any CPU
		{6D5910C7-3A7F-9A99-057D-610E2DEC9262}.Debug|Any CPU.ActiveCfg = Debug|Any CPU
		{6D5910C7-3A7F-9A99-057D-610E2DEC9262}.Debug|Any CPU.Build.0 = Debug|Any CPU
		{6D5910C7-3A7F-9A99-057D-610E2DEC9262}.Release|Any CPU.ActiveCfg = Release|Any CPU
		{6D5910C7-3A7F-9A99-057D-610E2DEC9262}.Release|Any CPU.Build.0 = Release|Any CPU
		{CFFF79C0-8A47-2065-BFAD-792F31F95D0D}.Debug|Any CPU.ActiveCfg = Debug|Any CPU
		{CFFF79C0-8A47-2065-BFAD-792F31F95D0D}.Debug|Any CPU.Build.0 = Debug|Any CPU
		{CFFF79C0-8A47-2065-BFAD-792F31F95D0D}.Release|Any CPU.ActiveCfg = Release|Any CPU
		{CFFF79C0-8A47-2065-BFAD-792F31F95D0D}.Release|Any CPU.Build.0 = Release|Any CPU
		{D8C07CEC-5750-F02B-AD28-58C0C85C6FB4}.Debug|Any CPU.ActiveCfg = Debug|Any CPU
		{D8C07CEC-5750-F02B-AD28-58C0C85C6FB4}.Debug|Any CPU.Build.0 = Debug|Any CPU
		{D8C07CEC-5750-F02B-AD28-58C0C85C6FB4}.Release|Any CPU.ActiveCfg = Release|Any CPU
		{D8C07CEC-5750-F02B-AD28-58C0C85C6FB4}.Release|Any CPU.Build.0 = Release|Any CPU
		{C047D2C6-A391-40D8-58BC-94B133B81350}.Debug|Any CPU.ActiveCfg = Debug|Any CPU
		{C047D2C6-A391-40D8-58BC-94B133B81350}.Debug|Any CPU.Build.0 = Debug|Any CPU
		{C047D2C6-A391-40D8-58BC-94B133B81350}.Release|Any CPU.ActiveCfg = Release|Any CPU
		{C047D2C6-A391-40D8-58BC-94B133B81350}.Release|Any CPU.Build.0 = Release|Any CPU
		{9EE20830-21B6-6A42-663F-AF576627E41E}.Debug|Any CPU.ActiveCfg = Debug|Any CPU
		{9EE20830-21B6-6A42-663F-AF576627E41E}.Debug|Any CPU.Build.0 = Debug|Any CPU
		{9EE20830-21B6-6A42-663F-AF576627E41E}.Release|Any CPU.ActiveCfg = Release|Any CPU
		{9EE20830-21B6-6A42-663F-AF576627E41E}.Release|Any CPU.Build.0 = Release|Any CPU
		{4C4B2A2E-CD56-90E3-4C02-4C1C65F43E2C}.Debug|Any CPU.ActiveCfg = Debug|Any CPU
		{4C4B2A2E-CD56-90E3-4C02-4C1C65F43E2C}.Debug|Any CPU.Build.0 = Debug|Any CPU
		{4C4B2A2E-CD56-90E3-4C02-4C1C65F43E2C}.Release|Any CPU.ActiveCfg = Release|Any CPU
		{4C4B2A2E-CD56-90E3-4C02-4C1C65F43E2C}.Release|Any CPU.Build.0 = Release|Any CPU
		{82F6F387-699A-3468-ABD4-89682C004332}.Debug|Any CPU.ActiveCfg = Debug|Any CPU
		{82F6F387-699A-3468-ABD4-89682C004332}.Debug|Any CPU.Build.0 = Debug|Any CPU
		{82F6F387-699A-3468-ABD4-89682C004332}.Release|Any CPU.ActiveCfg = Release|Any CPU
		{82F6F387-699A-3468-ABD4-89682C004332}.Release|Any CPU.Build.0 = Release|Any CPU
		{2916FF17-817C-2E00-4579-4D33526BA78D}.Debug|Any CPU.ActiveCfg = Debug|Any CPU
		{2916FF17-817C-2E00-4579-4D33526BA78D}.Debug|Any CPU.Build.0 = Debug|Any CPU
		{2916FF17-817C-2E00-4579-4D33526BA78D}.Release|Any CPU.ActiveCfg = Release|Any CPU
		{2916FF17-817C-2E00-4579-4D33526BA78D}.Release|Any CPU.Build.0 = Release|Any CPU
		{1FE0DB5B-34F5-C34B-5034-60470A1E1D08}.Debug|Any CPU.ActiveCfg = Debug|Any CPU
		{1FE0DB5B-34F5-C34B-5034-60470A1E1D08}.Debug|Any CPU.Build.0 = Debug|Any CPU
		{1FE0DB5B-34F5-C34B-5034-60470A1E1D08}.Release|Any CPU.ActiveCfg = Release|Any CPU
		{1FE0DB5B-34F5-C34B-5034-60470A1E1D08}.Release|Any CPU.Build.0 = Release|Any CPU
		{992C2FCB-B2D5-A5CA-5A5A-127C04E62C3E}.Debug|Any CPU.ActiveCfg = Debug|Any CPU
		{992C2FCB-B2D5-A5CA-5A5A-127C04E62C3E}.Debug|Any CPU.Build.0 = Debug|Any CPU
		{992C2FCB-B2D5-A5CA-5A5A-127C04E62C3E}.Release|Any CPU.ActiveCfg = Release|Any CPU
		{992C2FCB-B2D5-A5CA-5A5A-127C04E62C3E}.Release|Any CPU.Build.0 = Release|Any CPU
		{9CFC9300-8F21-D0D5-C886-69CF6465704D}.Debug|Any CPU.ActiveCfg = Debug|Any CPU
		{9CFC9300-8F21-D0D5-C886-69CF6465704D}.Debug|Any CPU.Build.0 = Debug|Any CPU
		{9CFC9300-8F21-D0D5-C886-69CF6465704D}.Release|Any CPU.ActiveCfg = Release|Any CPU
		{9CFC9300-8F21-D0D5-C886-69CF6465704D}.Release|Any CPU.Build.0 = Release|Any CPU
		{1B2042A7-9DFD-18F6-CBAF-FE73E3B08B99}.Debug|Any CPU.ActiveCfg = Debug|Any CPU
		{1B2042A7-9DFD-18F6-CBAF-FE73E3B08B99}.Debug|Any CPU.Build.0 = Debug|Any CPU
		{1B2042A7-9DFD-18F6-CBAF-FE73E3B08B99}.Release|Any CPU.ActiveCfg = Release|Any CPU
		{1B2042A7-9DFD-18F6-CBAF-FE73E3B08B99}.Release|Any CPU.Build.0 = Release|Any CPU
		{7E2FC8FB-E512-03D1-6D78-43BAB320A20C}.Debug|Any CPU.ActiveCfg = Debug|Any CPU
		{7E2FC8FB-E512-03D1-6D78-43BAB320A20C}.Debug|Any CPU.Build.0 = Debug|Any CPU
		{7E2FC8FB-E512-03D1-6D78-43BAB320A20C}.Release|Any CPU.ActiveCfg = Release|Any CPU
		{7E2FC8FB-E512-03D1-6D78-43BAB320A20C}.Release|Any CPU.Build.0 = Release|Any CPU
		{F3692109-84E7-6AF7-E05F-49403332A7F1}.Debug|Any CPU.ActiveCfg = Debug|Any CPU
		{F3692109-84E7-6AF7-E05F-49403332A7F1}.Debug|Any CPU.Build.0 = Debug|Any CPU
		{F3692109-84E7-6AF7-E05F-49403332A7F1}.Release|Any CPU.ActiveCfg = Release|Any CPU
		{F3692109-84E7-6AF7-E05F-49403332A7F1}.Release|Any CPU.Build.0 = Release|Any CPU
		{BAE387F5-2C0D-0C43-BB72-69EC288657BA}.Debug|Any CPU.ActiveCfg = Debug|Any CPU
		{BAE387F5-2C0D-0C43-BB72-69EC288657BA}.Debug|Any CPU.Build.0 = Debug|Any CPU
		{BAE387F5-2C0D-0C43-BB72-69EC288657BA}.Release|Any CPU.ActiveCfg = Release|Any CPU
		{BAE387F5-2C0D-0C43-BB72-69EC288657BA}.Release|Any CPU.Build.0 = Release|Any CPU
		{028DC488-38C5-614D-9BC5-34E93B62FC42}.Debug|Any CPU.ActiveCfg = Debug|Any CPU
		{028DC488-38C5-614D-9BC5-34E93B62FC42}.Debug|Any CPU.Build.0 = Debug|Any CPU
		{028DC488-38C5-614D-9BC5-34E93B62FC42}.Release|Any CPU.ActiveCfg = Release|Any CPU
		{028DC488-38C5-614D-9BC5-34E93B62FC42}.Release|Any CPU.Build.0 = Release|Any CPU
		{D4BD5C5E-1388-75A3-84CE-EF036579DD72}.Debug|Any CPU.ActiveCfg = Debug|Any CPU
		{D4BD5C5E-1388-75A3-84CE-EF036579DD72}.Debug|Any CPU.Build.0 = Debug|Any CPU
		{D4BD5C5E-1388-75A3-84CE-EF036579DD72}.Release|Any CPU.ActiveCfg = Release|Any CPU
		{D4BD5C5E-1388-75A3-84CE-EF036579DD72}.Release|Any CPU.Build.0 = Release|Any CPU
		{48D08475-8FAA-7070-24B5-5512C778086D}.Debug|Any CPU.ActiveCfg = Debug|Any CPU
		{48D08475-8FAA-7070-24B5-5512C778086D}.Debug|Any CPU.Build.0 = Debug|Any CPU
		{48D08475-8FAA-7070-24B5-5512C778086D}.Release|Any CPU.ActiveCfg = Release|Any CPU
		{48D08475-8FAA-7070-24B5-5512C778086D}.Release|Any CPU.Build.0 = Release|Any CPU
	EndGlobalSection
	GlobalSection(SolutionProperties) = preSolution
		HideSolutionNode = FALSE
	EndGlobalSection
EndGlobal
